
Microsoft Visual Studio Solution File, Format Version 12.00
# Visual Studio Version 16
VisualStudioVersion = 16.0.32602.291
MinimumVisualStudioVersion = 10.0.40219.1
Project("{FAE04EC0-301F-11D3-BF4B-00C04F79EFBC}") = "Проект1", "Проект1\Проект1.csproj", "{B945E022-6247-4014-8B67-078599F20074}"
EndProject
Global
	GlobalSection(SolutionConfigurationPlatforms) = preSolution
		Debug|Any CPU = Debug|Any CPU
		Release|Any CPU = Release|Any CPU
	EndGlobalSection
	GlobalSection(ProjectConfigurationPlatforms) = postSolution
		{B945E022-6247-4014-8B67-078599F20074}.Debug|Any CPU.ActiveCfg = Debug|Any CPU
		{B945E022-6247-4014-8B67-078599F20074}.Debug|Any CPU.Build.0 = Debug|Any CPU
		{B945E022-6247-4014-8B67-078599F20074}.Release|Any CPU.ActiveCfg = Release|Any CPU
		{B945E022-6247-4014-8B67-078599F20074}.Release|Any CPU.Build.0 = Release|Any CPU
	EndGlobalSection
	GlobalSection(SolutionProperties) = preSolution
		HideSolutionNode = FALSE
	EndGlobalSection
	GlobalSection(ExtensibilityGlobals) = postSolution
		SolutionGuid = {22A046AA-4F8F-4AEC-9CCC-E953A4E6E635}
	EndGlobalSection
EndGlobal
